
Microsoft Visual Studio Solution File, Format Version 12.00
# Visual Studio 15
VisualStudioVersion = 15.0.26403.7
MinimumVisualStudioVersion = 10.0.40219.1
Project("{FAE04EC0-301F-11D3-BF4B-00C04F79EFBC}") = "Jewson.RestService", "Jewson.RestService\Jewson.RestService.csproj", "{8E541F71-E201-4A5A-96C5-00E9C4CBAB4A}"
EndProject
Project("{2150E333-8FDC-42A3-9474-1A3956D46DE8}") = "Tests", "Tests", "{AB36593C-9512-481F-9BDE-65293C105D85}"
EndProject
Project("{2150E333-8FDC-42A3-9474-1A3956D46DE8}") = "Unit", "Unit", "{29C2DF40-B3E1-4958-89DF-E953A7838C93}"
EndProject
Project("{2150E333-8FDC-42A3-9474-1A3956D46DE8}") = "Integration", "Integration", "{14DBD173-5FC6-45CE-85FB-9DB805DBDD2E}"
EndProject
Project("{2150E333-8FDC-42A3-9474-1A3956D46DE8}") = "WebServices", "WebServices", "{431CE2E5-9B3E-4A1B-B342-89E5E9EB154D}"
EndProject
Project("{2150E333-8FDC-42A3-9474-1A3956D46DE8}") = "CommonLibraries", "CommonLibraries", "{00C2E114-BE12-4F3D-8A8F-415B36FC229A}"
EndProject
Project("{FAE04EC0-301F-11D3-BF4B-00C04F79EFBC}") = "Jewson.Logging", "..\Jewson.Logging\Jewson.Logging.csproj", "{F90DC24B-355B-407F-A035-FA683874AD2A}"
EndProject
Project("{2150E333-8FDC-42A3-9474-1A3956D46DE8}") = "DataLayer", "DataLayer", "{8A01E3EC-B77C-463D-B9CD-5164088D6F80}"
EndProject
Project("{FAE04EC0-301F-11D3-BF4B-00C04F79EFBC}") = "Jewson.Data", "Jewson.Data\Jewson.Data.csproj", "{D78B581A-F8FF-4BBB-94A0-4E6873B340B2}"
EndProject
Project("{2150E333-8FDC-42A3-9474-1A3956D46DE8}") = "WebServices.Business", "WebServices.Business", "{FE345379-AC38-4507-A8A5-8B7250ED8595}"
EndProject
Project("{FAE04EC0-301F-11D3-BF4B-00C04F79EFBC}") = "Jewson.RestService.Business", "Jewson.RestService.Business\Jewson.RestService.Business.csproj", "{A32A0C24-8098-4187-B234-8702931BEAB7}"
EndProject
Project("{2150E333-8FDC-42A3-9474-1A3956D46DE8}") = "Client", "Client", "{874761E7-4B53-4276-BB3D-EC4B1B7B46BF}"
EndProject
Project("{FAE04EC0-301F-11D3-BF4B-00C04F79EFBC}") = "Jewson.RestService.Client", "Jewson.RestService.Client\Jewson.RestService.Client.csproj", "{BD978AEE-E47D-4E9F-9DC3-E116A29B789E}"
EndProject
Project("{FAE04EC0-301F-11D3-BF4B-00C04F79EFBC}") = "Jewson.Tests.Integration.Client", "Jewson.Tests.Integration.Client\Jewson.Tests.Integration.Client.csproj", "{5CAEBB8E-7C84-4601-9BAF-30D9FCD38D7F}"
EndProject
Project("{FAE04EC0-301F-11D3-BF4B-00C04F79EFBC}") = "Jewson.Tests.Unit.Client", "Jewson.Tests.Unit.Client\Jewson.Tests.Unit.Client.csproj", "{5AB4FF41-8616-407C-B417-2806E888E6F9}"
EndProject
Project("{2150E333-8FDC-42A3-9474-1A3956D46DE8}") = "FrontEnd", "FrontEnd", "{6778BD3A-5F0D-4073-8503-BC02D4929B46}"
EndProject
Project("{FAE04EC0-301F-11D3-BF4B-00C04F79EFBC}") = "Jewson.FrontEnd", "..\Jewson.FrontEnd\Jewson.FrontEnd.csproj", "{6296E45F-5E37-4A9A-AD64-ADFBF2BB6AE2}"
EndProject
Project("{FAE04EC0-301F-11D3-BF4B-00C04F79EFBC}") = "Jewson.Tests.Unit.RestService", "Jewson.Tests.Unit.RestService\Jewson.Tests.Unit.RestService.csproj", "{B6A47BC9-A7FC-416B-8459-C1F5078DA3F4}"
EndProject
Project("{FAE04EC0-301F-11D3-BF4B-00C04F79EFBC}") = "Jewson.Tests.Integration.Data", "Jewson.Tests.Integration.Data\Jewson.Tests.Integration.Data.csproj", "{E513E73A-D917-4663-A506-B7EBDDCA01F4}"
EndProject
Project("{2150E333-8FDC-42A3-9474-1A3956D46DE8}") = "ReadMe", "ReadMe", "{189245B6-0057-445D-BFD9-D406CD5FBFFC}"
	ProjectSection(SolutionItems) = preProject
		README.txt = README.txt
	EndProjectSection
EndProject
Global
	GlobalSection(SolutionConfigurationPlatforms) = preSolution
		Debug|Any CPU = Debug|Any CPU
		Release|Any CPU = Release|Any CPU
	EndGlobalSection
	GlobalSection(ProjectConfigurationPlatforms) = postSolution
		{8E541F71-E201-4A5A-96C5-00E9C4CBAB4A}.Debug|Any CPU.ActiveCfg = Debug|Any CPU
		{8E541F71-E201-4A5A-96C5-00E9C4CBAB4A}.Debug|Any CPU.Build.0 = Debug|Any CPU
		{8E541F71-E201-4A5A-96C5-00E9C4CBAB4A}.Release|Any CPU.ActiveCfg = Release|Any CPU
		{8E541F71-E201-4A5A-96C5-00E9C4CBAB4A}.Release|Any CPU.Build.0 = Release|Any CPU
		{F90DC24B-355B-407F-A035-FA683874AD2A}.Debug|Any CPU.ActiveCfg = Debug|Any CPU
		{F90DC24B-355B-407F-A035-FA683874AD2A}.Debug|Any CPU.Build.0 = Debug|Any CPU
		{F90DC24B-355B-407F-A035-FA683874AD2A}.Release|Any CPU.ActiveCfg = Release|Any CPU
		{F90DC24B-355B-407F-A035-FA683874AD2A}.Release|Any CPU.Build.0 = Release|Any CPU
		{D78B581A-F8FF-4BBB-94A0-4E6873B340B2}.Debug|Any CPU.ActiveCfg = Debug|Any CPU
		{D78B581A-F8FF-4BBB-94A0-4E6873B340B2}.Debug|Any CPU.Build.0 = Debug|Any CPU
		{D78B581A-F8FF-4BBB-94A0-4E6873B340B2}.Release|Any CPU.ActiveCfg = Release|Any CPU
		{D78B581A-F8FF-4BBB-94A0-4E6873B340B2}.Release|Any CPU.Build.0 = Release|Any CPU
		{A32A0C24-8098-4187-B234-8702931BEAB7}.Debug|Any CPU.ActiveCfg = Debug|Any CPU
		{A32A0C24-8098-4187-B234-8702931BEAB7}.Debug|Any CPU.Build.0 = Debug|Any CPU
		{A32A0C24-8098-4187-B234-8702931BEAB7}.Release|Any CPU.ActiveCfg = Release|Any CPU
		{A32A0C24-8098-4187-B234-8702931BEAB7}.Release|Any CPU.Build.0 = Release|Any CPU
		{BD978AEE-E47D-4E9F-9DC3-E116A29B789E}.Debug|Any CPU.ActiveCfg = Debug|Any CPU
		{BD978AEE-E47D-4E9F-9DC3-E116A29B789E}.Debug|Any CPU.Build.0 = Debug|Any CPU
		{BD978AEE-E47D-4E9F-9DC3-E116A29B789E}.Release|Any CPU.ActiveCfg = Release|Any CPU
		{BD978AEE-E47D-4E9F-9DC3-E116A29B789E}.Release|Any CPU.Build.0 = Release|Any CPU
		{5CAEBB8E-7C84-4601-9BAF-30D9FCD38D7F}.Debug|Any CPU.ActiveCfg = Debug|Any CPU
		{5CAEBB8E-7C84-4601-9BAF-30D9FCD38D7F}.Debug|Any CPU.Build.0 = Debug|Any CPU
		{5CAEBB8E-7C84-4601-9BAF-30D9FCD38D7F}.Release|Any CPU.ActiveCfg = Release|Any CPU
		{5CAEBB8E-7C84-4601-9BAF-30D9FCD38D7F}.Release|Any CPU.Build.0 = Release|Any CPU
		{5AB4FF41-8616-407C-B417-2806E888E6F9}.Debug|Any CPU.ActiveCfg = Debug|Any CPU
		{5AB4FF41-8616-407C-B417-2806E888E6F9}.Debug|Any CPU.Build.0 = Debug|Any CPU
		{5AB4FF41-8616-407C-B417-2806E888E6F9}.Release|Any CPU.ActiveCfg = Release|Any CPU
		{5AB4FF41-8616-407C-B417-2806E888E6F9}.Release|Any CPU.Build.0 = Release|Any CPU
		{6296E45F-5E37-4A9A-AD64-ADFBF2BB6AE2}.Debug|Any CPU.ActiveCfg = Debug|Any CPU
		{6296E45F-5E37-4A9A-AD64-ADFBF2BB6AE2}.Debug|Any CPU.Build.0 = Debug|Any CPU
		{6296E45F-5E37-4A9A-AD64-ADFBF2BB6AE2}.Release|Any CPU.ActiveCfg = Release|Any CPU
		{6296E45F-5E37-4A9A-AD64-ADFBF2BB6AE2}.Release|Any CPU.Build.0 = Release|Any CPU
		{B6A47BC9-A7FC-416B-8459-C1F5078DA3F4}.Debug|Any CPU.ActiveCfg = Debug|Any CPU
		{B6A47BC9-A7FC-416B-8459-C1F5078DA3F4}.Debug|Any CPU.Build.0 = Debug|Any CPU
		{B6A47BC9-A7FC-416B-8459-C1F5078DA3F4}.Release|Any CPU.ActiveCfg = Release|Any CPU
		{B6A47BC9-A7FC-416B-8459-C1F5078DA3F4}.Release|Any CPU.Build.0 = Release|Any CPU
		{E513E73A-D917-4663-A506-B7EBDDCA01F4}.Debug|Any CPU.ActiveCfg = Debug|Any CPU
		{E513E73A-D917-4663-A506-B7EBDDCA01F4}.Debug|Any CPU.Build.0 = Debug|Any CPU
		{E513E73A-D917-4663-A506-B7EBDDCA01F4}.Release|Any CPU.ActiveCfg = Release|Any CPU
		{E513E73A-D917-4663-A506-B7EBDDCA01F4}.Release|Any CPU.Build.0 = Release|Any CPU
	EndGlobalSection
	GlobalSection(SolutionProperties) = preSolution
		HideSolutionNode = FALSE
	EndGlobalSection
	GlobalSection(NestedProjects) = preSolution
		{8E541F71-E201-4A5A-96C5-00E9C4CBAB4A} = {431CE2E5-9B3E-4A1B-B342-89E5E9EB154D}
		{29C2DF40-B3E1-4958-89DF-E953A7838C93} = {AB36593C-9512-481F-9BDE-65293C105D85}
		{14DBD173-5FC6-45CE-85FB-9DB805DBDD2E} = {AB36593C-9512-481F-9BDE-65293C105D85}
		{F90DC24B-355B-407F-A035-FA683874AD2A} = {00C2E114-BE12-4F3D-8A8F-415B36FC229A}
		{D78B581A-F8FF-4BBB-94A0-4E6873B340B2} = {8A01E3EC-B77C-463D-B9CD-5164088D6F80}
		{FE345379-AC38-4507-A8A5-8B7250ED8595} = {431CE2E5-9B3E-4A1B-B342-89E5E9EB154D}
		{A32A0C24-8098-4187-B234-8702931BEAB7} = {FE345379-AC38-4507-A8A5-8B7250ED8595}
		{BD978AEE-E47D-4E9F-9DC3-E116A29B789E} = {874761E7-4B53-4276-BB3D-EC4B1B7B46BF}
		{5CAEBB8E-7C84-4601-9BAF-30D9FCD38D7F} = {14DBD173-5FC6-45CE-85FB-9DB805DBDD2E}
		{5AB4FF41-8616-407C-B417-2806E888E6F9} = {29C2DF40-B3E1-4958-89DF-E953A7838C93}
		{6296E45F-5E37-4A9A-AD64-ADFBF2BB6AE2} = {6778BD3A-5F0D-4073-8503-BC02D4929B46}
		{B6A47BC9-A7FC-416B-8459-C1F5078DA3F4} = {29C2DF40-B3E1-4958-89DF-E953A7838C93}
		{E513E73A-D917-4663-A506-B7EBDDCA01F4} = {14DBD173-5FC6-45CE-85FB-9DB805DBDD2E}
	EndGlobalSection
EndGlobal
